// !$*UTF8*$!
{
	archiveVersion = 1;
	classes = {
	};
	objectVersion = 46;
	objects = {

/* Begin PBXBuildFile section */
		DC01969715213A4000DB795D /* DojoDetailVC.m in Sources */ = {isa = PBXBuildFile; fileRef = DC01969615213A4000DB795D /* DojoDetailVC.m */; };
		DC01969E15213A6800DB795D /* DojoTimerVC.m in Sources */ = {isa = PBXBuildFile; fileRef = DC01969D15213A6800DB795D /* DojoTimerVC.m */; };
		DC0196A115213ABB00DB795D /* DojoAddTaskVC.m in Sources */ = {isa = PBXBuildFile; fileRef = DC0196A015213ABB00DB795D /* DojoAddTaskVC.m */; };
		DC352D3E15200A320098AA45 /* BasicTask.m in Sources */ = {isa = PBXBuildFile; fileRef = DC352D3D15200A320098AA45 /* BasicTask.m */; };
		DC44D2AF151EC18200C8EF16 /* UIKit.framework in Frameworks */ = {isa = PBXBuildFile; fileRef = DC44D2AE151EC18200C8EF16 /* UIKit.framework */; };
		DC44D2B1151EC18200C8EF16 /* Foundation.framework in Frameworks */ = {isa = PBXBuildFile; fileRef = DC44D2B0151EC18200C8EF16 /* Foundation.framework */; };
		DC44D2B3151EC18200C8EF16 /* CoreGraphics.framework in Frameworks */ = {isa = PBXBuildFile; fileRef = DC44D2B2151EC18200C8EF16 /* CoreGraphics.framework */; };
		DC44D2B5151EC18200C8EF16 /* CoreData.framework in Frameworks */ = {isa = PBXBuildFile; fileRef = DC44D2B4151EC18200C8EF16 /* CoreData.framework */; };
		DC44D2BB151EC18200C8EF16 /* InfoPlist.strings in Resources */ = {isa = PBXBuildFile; fileRef = DC44D2B9151EC18200C8EF16 /* InfoPlist.strings */; };
		DC44D2BD151EC18200C8EF16 /* main.m in Sources */ = {isa = PBXBuildFile; fileRef = DC44D2BC151EC18200C8EF16 /* main.m */; };
		DC44D2C1151EC18200C8EF16 /* AppDelegate.m in Sources */ = {isa = PBXBuildFile; fileRef = DC44D2C0151EC18200C8EF16 /* AppDelegate.m */; };
		DC44D2C4151EC18200C8EF16 /* DojoApp.xcdatamodeld in Sources */ = {isa = PBXBuildFile; fileRef = DC44D2C2151EC18200C8EF16 /* DojoApp.xcdatamodeld */; };
		DC5C65E8151FBB14002F6BE5 /* DojoMainTableVC.m in Sources */ = {isa = PBXBuildFile; fileRef = DC5C65E7151FBB14002F6BE5 /* DojoMainTableVC.m */; };
		DC5C65EC151FBE74002F6BE5 /* DojoDataManager.m in Sources */ = {isa = PBXBuildFile; fileRef = DC5C65EB151FBE74002F6BE5 /* DojoDataManager.m */; };
		DC5C65F2151FC725002F6BE5 /* DojoConfig.plist in Resources */ = {isa = PBXBuildFile; fileRef = DC5C65F1151FC725002F6BE5 /* DojoConfig.plist */; };
		DC5C65FA151FFEC8002F6BE5 /* AbstractEntry.m in Sources */ = {isa = PBXBuildFile; fileRef = DC5C65F9151FFEC8002F6BE5 /* AbstractEntry.m */; };
		DC5C6600151FFEE5002F6BE5 /* EnduranceTask.m in Sources */ = {isa = PBXBuildFile; fileRef = DC5C65FF151FFEE5002F6BE5 /* EnduranceTask.m */; };
		DC5C6603151FFEF4002F6BE5 /* Goal.m in Sources */ = {isa = PBXBuildFile; fileRef = DC5C6602151FFEF4002F6BE5 /* Goal.m */; };
		DC5C6606151FFF01002F6BE5 /* Subject.m in Sources */ = {isa = PBXBuildFile; fileRef = DC5C6605151FFF01002F6BE5 /* Subject.m */; };
		DC5C6609151FFF0A002F6BE5 /* TrainingTask.m in Sources */ = {isa = PBXBuildFile; fileRef = DC5C6608151FFF0A002F6BE5 /* TrainingTask.m */; };
		DC72A9BC1521DCFA007E7A9F /* YinYangButtonSmall@2x.png in Resources */ = {isa = PBXBuildFile; fileRef = DC72A9BA1521DCFA007E7A9F /* YinYangButtonSmall@2x.png */; };
		DC72A9BD1521DCFA007E7A9F /* YinYangButtonSmall.png in Resources */ = {isa = PBXBuildFile; fileRef = DC72A9BB1521DCFA007E7A9F /* YinYangButtonSmall.png */; };
		DC72DD8515228DD100159985 /* CoreLocation.framework in Frameworks */ = {isa = PBXBuildFile; fileRef = DC72DD8415228DD100159985 /* CoreLocation.framework */; };
		DC72DD891522991200159985 /* DojoMainTableVC_iPad.m in Sources */ = {isa = PBXBuildFile; fileRef = DC72DD881522991200159985 /* DojoMainTableVC_iPad.m */; };
		DC72DD8C1522992F00159985 /* DojoDetailVC_iPad.m in Sources */ = {isa = PBXBuildFile; fileRef = DC72DD8B1522992F00159985 /* DojoDetailVC_iPad.m */; };
		DC72DD8F1522994400159985 /* DojoTimerVC_iPad.m in Sources */ = {isa = PBXBuildFile; fileRef = DC72DD8E1522994400159985 /* DojoTimerVC_iPad.m */; };
		DC72DD921522995B00159985 /* DojoAddTaskVC_iPad.m in Sources */ = {isa = PBXBuildFile; fileRef = DC72DD911522995B00159985 /* DojoAddTaskVC_iPad.m */; };
/* End PBXBuildFile section */

/* Begin PBXFileReference section */
		DC01969515213A4000DB795D /* DojoDetailVC.h */ = {isa = PBXFileReference; fileEncoding = 4; lastKnownFileType = sourcecode.c.h; path = DojoDetailVC.h; sourceTree = "<group>"; };
		DC01969615213A4000DB795D /* DojoDetailVC.m */ = {isa = PBXFileReference; fileEncoding = 4; lastKnownFileType = sourcecode.c.objc; path = DojoDetailVC.m; sourceTree = "<group>"; };
		DC01969C15213A6800DB795D /* DojoTimerVC.h */ = {isa = PBXFileReference; fileEncoding = 4; lastKnownFileType = sourcecode.c.h; path = DojoTimerVC.h; sourceTree = "<group>"; };
		DC01969D15213A6800DB795D /* DojoTimerVC.m */ = {isa = PBXFileReference; fileEncoding = 4; lastKnownFileType = sourcecode.c.objc; path = DojoTimerVC.m; sourceTree = "<group>"; };
		DC01969F15213ABB00DB795D /* DojoAddTaskVC.h */ = {isa = PBXFileReference; fileEncoding = 4; lastKnownFileType = sourcecode.c.h; path = DojoAddTaskVC.h; sourceTree = "<group>"; };
		DC0196A015213ABB00DB795D /* DojoAddTaskVC.m */ = {isa = PBXFileReference; fileEncoding = 4; lastKnownFileType = sourcecode.c.objc; path = DojoAddTaskVC.m; sourceTree = "<group>"; };
		DC352D3C15200A320098AA45 /* BasicTask.h */ = {isa = PBXFileReference; fileEncoding = 4; lastKnownFileType = sourcecode.c.h; path = BasicTask.h; sourceTree = "<group>"; };
		DC352D3D15200A320098AA45 /* BasicTask.m */ = {isa = PBXFileReference; fileEncoding = 4; lastKnownFileType = sourcecode.c.objc; path = BasicTask.m; sourceTree = "<group>"; };
		DC44D2AA151EC18200C8EF16 /* Dojo.app */ = {isa = PBXFileReference; explicitFileType = wrapper.application; includeInIndex = 0; path = Dojo.app; sourceTree = BUILT_PRODUCTS_DIR; };
		DC44D2AE151EC18200C8EF16 /* UIKit.framework */ = {isa = PBXFileReference; lastKnownFileType = wrapper.framework; name = UIKit.framework; path = System/Library/Frameworks/UIKit.framework; sourceTree = SDKROOT; };
		DC44D2B0151EC18200C8EF16 /* Foundation.framework */ = {isa = PBXFileReference; lastKnownFileType = wrapper.framework; name = Foundation.framework; path = System/Library/Frameworks/Foundation.framework; sourceTree = SDKROOT; };
		DC44D2B2151EC18200C8EF16 /* CoreGraphics.framework */ = {isa = PBXFileReference; lastKnownFileType = wrapper.framework; name = CoreGraphics.framework; path = System/Library/Frameworks/CoreGraphics.framework; sourceTree = SDKROOT; };
		DC44D2B4151EC18200C8EF16 /* CoreData.framework */ = {isa = PBXFileReference; lastKnownFileType = wrapper.framework; name = CoreData.framework; path = System/Library/Frameworks/CoreData.framework; sourceTree = SDKROOT; };
		DC44D2B8151EC18200C8EF16 /* Dojo-Info.plist */ = {isa = PBXFileReference; lastKnownFileType = text.plist.xml; path = "Dojo-Info.plist"; sourceTree = "<group>"; };
		DC44D2BA151EC18200C8EF16 /* en */ = {isa = PBXFileReference; lastKnownFileType = text.plist.strings; name = en; path = en.lproj/InfoPlist.strings; sourceTree = "<group>"; };
		DC44D2BC151EC18200C8EF16 /* main.m */ = {isa = PBXFileReference; lastKnownFileType = sourcecode.c.objc; path = main.m; sourceTree = "<group>"; };
		DC44D2BE151EC18200C8EF16 /* Dojo-Prefix.pch */ = {isa = PBXFileReference; lastKnownFileType = sourcecode.c.h; path = "Dojo-Prefix.pch"; sourceTree = "<group>"; };
		DC44D2BF151EC18200C8EF16 /* AppDelegate.h */ = {isa = PBXFileReference; lastKnownFileType = sourcecode.c.h; path = AppDelegate.h; sourceTree = "<group>"; };
		DC44D2C0151EC18200C8EF16 /* AppDelegate.m */ = {isa = PBXFileReference; lastKnownFileType = sourcecode.c.objc; path = AppDelegate.m; sourceTree = "<group>"; };
		DC44D2C3151EC18200C8EF16 /* DojoApp.xcdatamodel */ = {isa = PBXFileReference; lastKnownFileType = wrapper.xcdatamodel; path = DojoApp.xcdatamodel; sourceTree = "<group>"; };
		DC5C65E6151FBB14002F6BE5 /* DojoMainTableVC.h */ = {isa = PBXFileReference; fileEncoding = 4; lastKnownFileType = sourcecode.c.h; path = DojoMainTableVC.h; sourceTree = "<group>"; };
		DC5C65E7151FBB14002F6BE5 /* DojoMainTableVC.m */ = {isa = PBXFileReference; fileEncoding = 4; lastKnownFileType = sourcecode.c.objc; path = DojoMainTableVC.m; sourceTree = "<group>"; };
		DC5C65EA151FBE74002F6BE5 /* DojoDataManager.h */ = {isa = PBXFileReference; fileEncoding = 4; lastKnownFileType = sourcecode.c.h; path = DojoDataManager.h; sourceTree = "<group>"; };
		DC5C65EB151FBE74002F6BE5 /* DojoDataManager.m */ = {isa = PBXFileReference; fileEncoding = 4; lastKnownFileType = sourcecode.c.objc; path = DojoDataManager.m; sourceTree = "<group>"; };
		DC5C65F1151FC725002F6BE5 /* DojoConfig.plist */ = {isa = PBXFileReference; fileEncoding = 4; lastKnownFileType = text.plist.xml; path = DojoConfig.plist; sourceTree = "<group>"; };
		DC5C65F8151FFEC8002F6BE5 /* AbstractEntry.h */ = {isa = PBXFileReference; fileEncoding = 4; lastKnownFileType = sourcecode.c.h; path = AbstractEntry.h; sourceTree = "<group>"; };
		DC5C65F9151FFEC8002F6BE5 /* AbstractEntry.m */ = {isa = PBXFileReference; fileEncoding = 4; lastKnownFileType = sourcecode.c.objc; path = AbstractEntry.m; sourceTree = "<group>"; };
		DC5C65FE151FFEE5002F6BE5 /* EnduranceTask.h */ = {isa = PBXFileReference; fileEncoding = 4; lastKnownFileType = sourcecode.c.h; path = EnduranceTask.h; sourceTree = "<group>"; };
		DC5C65FF151FFEE5002F6BE5 /* EnduranceTask.m */ = {isa = PBXFileReference; fileEncoding = 4; lastKnownFileType = sourcecode.c.objc; path = EnduranceTask.m; sourceTree = "<group>"; };
		DC5C6601151FFEF4002F6BE5 /* Goal.h */ = {isa = PBXFileReference; fileEncoding = 4; lastKnownFileType = sourcecode.c.h; path = Goal.h; sourceTree = "<group>"; };
		DC5C6602151FFEF4002F6BE5 /* Goal.m */ = {isa = PBXFileReference; fileEncoding = 4; lastKnownFileType = sourcecode.c.objc; path = Goal.m; sourceTree = "<group>"; };
		DC5C6604151FFF01002F6BE5 /* Subject.h */ = {isa = PBXFileReference; fileEncoding = 4; lastKnownFileType = sourcecode.c.h; path = Subject.h; sourceTree = "<group>"; };
		DC5C6605151FFF01002F6BE5 /* Subject.m */ = {isa = PBXFileReference; fileEncoding = 4; lastKnownFileType = sourcecode.c.objc; path = Subject.m; sourceTree = "<group>"; };
		DC5C6607151FFF0A002F6BE5 /* TrainingTask.h */ = {isa = PBXFileReference; fileEncoding = 4; lastKnownFileType = sourcecode.c.h; path = TrainingTask.h; sourceTree = "<group>"; };
		DC5C6608151FFF0A002F6BE5 /* TrainingTask.m */ = {isa = PBXFileReference; fileEncoding = 4; lastKnownFileType = sourcecode.c.objc; path = TrainingTask.m; sourceTree = "<group>"; };
		DC72A9BA1521DCFA007E7A9F /* YinYangButtonSmall@2x.png */ = {isa = PBXFileReference; lastKnownFileType = image.png; name = "YinYangButtonSmall@2x.png"; path = "../../YinYangButtonSmall@2x.png"; sourceTree = "<group>"; };
		DC72A9BB1521DCFA007E7A9F /* YinYangButtonSmall.png */ = {isa = PBXFileReference; lastKnownFileType = image.png; name = YinYangButtonSmall.png; path = ../../YinYangButtonSmall.png; sourceTree = "<group>"; };
		DC72DD8415228DD100159985 /* CoreLocation.framework */ = {isa = PBXFileReference; lastKnownFileType = wrapper.framework; name = CoreLocation.framework; path = System/Library/Frameworks/CoreLocation.framework; sourceTree = SDKROOT; };
		DC72DD871522991200159985 /* DojoMainTableVC_iPad.h */ = {isa = PBXFileReference; fileEncoding = 4; lastKnownFileType = sourcecode.c.h; path = DojoMainTableVC_iPad.h; sourceTree = "<group>"; };
		DC72DD881522991200159985 /* DojoMainTableVC_iPad.m */ = {isa = PBXFileReference; fileEncoding = 4; lastKnownFileType = sourcecode.c.objc; path = DojoMainTableVC_iPad.m; sourceTree = "<group>"; };
		DC72DD8A1522992F00159985 /* DojoDetailVC_iPad.h */ = {isa = PBXFileReference; fileEncoding = 4; lastKnownFileType = sourcecode.c.h; path = DojoDetailVC_iPad.h; sourceTree = "<group>"; };
		DC72DD8B1522992F00159985 /* DojoDetailVC_iPad.m */ = {isa = PBXFileReference; fileEncoding = 4; lastKnownFileType = sourcecode.c.objc; path = DojoDetailVC_iPad.m; sourceTree = "<group>"; };
		DC72DD8D1522994400159985 /* DojoTimerVC_iPad.h */ = {isa = PBXFileReference; fileEncoding = 4; lastKnownFileType = sourcecode.c.h; path = DojoTimerVC_iPad.h; sourceTree = "<group>"; };
		DC72DD8E1522994400159985 /* DojoTimerVC_iPad.m */ = {isa = PBXFileReference; fileEncoding = 4; lastKnownFileType = sourcecode.c.objc; path = DojoTimerVC_iPad.m; sourceTree = "<group>"; };
		DC72DD901522995B00159985 /* DojoAddTaskVC_iPad.h */ = {isa = PBXFileReference; fileEncoding = 4; lastKnownFileType = sourcecode.c.h; path = DojoAddTaskVC_iPad.h; sourceTree = "<group>"; };
		DC72DD911522995B00159985 /* DojoAddTaskVC_iPad.m */ = {isa = PBXFileReference; fileEncoding = 4; lastKnownFileType = sourcecode.c.objc; path = DojoAddTaskVC_iPad.m; sourceTree = "<group>"; };
/* End PBXFileReference section */

/* Begin PBXFrameworksBuildPhase section */
		DC44D2A7151EC18200C8EF16 /* Frameworks */ = {
			isa = PBXFrameworksBuildPhase;
			buildActionMask = 2147483647;
			files = (
				DC72DD8515228DD100159985 /* CoreLocation.framework in Frameworks */,
				DC44D2AF151EC18200C8EF16 /* UIKit.framework in Frameworks */,
				DC44D2B1151EC18200C8EF16 /* Foundation.framework in Frameworks */,
				DC44D2B3151EC18200C8EF16 /* CoreGraphics.framework in Frameworks */,
				DC44D2B5151EC18200C8EF16 /* CoreData.framework in Frameworks */,
			);
			runOnlyForDeploymentPostprocessing = 0;
		};
/* End PBXFrameworksBuildPhase section */

/* Begin PBXGroup section */
		DC44D29F151EC18200C8EF16 = {
			isa = PBXGroup;
			children = (
				DC44D2B6151EC18200C8EF16 /* DojoApp */,
				DC44D2AD151EC18200C8EF16 /* Frameworks */,
				DC44D2AB151EC18200C8EF16 /* Products */,
			);
			sourceTree = "<group>";
		};
		DC44D2AB151EC18200C8EF16 /* Products */ = {
			isa = PBXGroup;
			children = (
				DC44D2AA151EC18200C8EF16 /* Dojo.app */,
			);
			name = Products;
			sourceTree = "<group>";
		};
		DC44D2AD151EC18200C8EF16 /* Frameworks */ = {
			isa = PBXGroup;
			children = (
				DC72DD8415228DD100159985 /* CoreLocation.framework */,
				DC44D2AE151EC18200C8EF16 /* UIKit.framework */,
				DC44D2B0151EC18200C8EF16 /* Foundation.framework */,
				DC44D2B2151EC18200C8EF16 /* CoreGraphics.framework */,
				DC44D2B4151EC18200C8EF16 /* CoreData.framework */,
			);
			name = Frameworks;
			sourceTree = "<group>";
		};
		DC44D2B6151EC18200C8EF16 /* DojoApp */ = {
			isa = PBXGroup;
			children = (
				DC44D2CC151EC21700C8EF16 /* Views */,
				DC44D2CB151EC21300C8EF16 /* Controllers */,
				DC44D2CA151EC21000C8EF16 /* Models */,
				DC44D2B7151EC18200C8EF16 /* Supporting Files */,
			);
			path = DojoApp;
			sourceTree = "<group>";
		};
		DC44D2B7151EC18200C8EF16 /* Supporting Files */ = {
			isa = PBXGroup;
			children = (
				DC72A9BA1521DCFA007E7A9F /* YinYangButtonSmall@2x.png */,
				DC72A9BB1521DCFA007E7A9F /* YinYangButtonSmall.png */,
				DC5C65F1151FC725002F6BE5 /* DojoConfig.plist */,
				DC44D2B8151EC18200C8EF16 /* Dojo-Info.plist */,
				DC44D2B9151EC18200C8EF16 /* InfoPlist.strings */,
				DC44D2BC151EC18200C8EF16 /* main.m */,
				DC44D2BE151EC18200C8EF16 /* Dojo-Prefix.pch */,
			);
			name = "Supporting Files";
			sourceTree = "<group>";
		};
		DC44D2CA151EC21000C8EF16 /* Models */ = {
			isa = PBXGroup;
			children = (
				DC44D2C2151EC18200C8EF16 /* DojoApp.xcdatamodeld */,
				DC352D3C15200A320098AA45 /* BasicTask.h */,
				DC352D3D15200A320098AA45 /* BasicTask.m */,
				DC5C6607151FFF0A002F6BE5 /* TrainingTask.h */,
				DC5C6608151FFF0A002F6BE5 /* TrainingTask.m */,
				DC5C6604151FFF01002F6BE5 /* Subject.h */,
				DC5C6605151FFF01002F6BE5 /* Subject.m */,
				DC5C6601151FFEF4002F6BE5 /* Goal.h */,
				DC5C6602151FFEF4002F6BE5 /* Goal.m */,
				DC5C65FE151FFEE5002F6BE5 /* EnduranceTask.h */,
				DC5C65FF151FFEE5002F6BE5 /* EnduranceTask.m */,
				DC5C65F8151FFEC8002F6BE5 /* AbstractEntry.h */,
				DC5C65F9151FFEC8002F6BE5 /* AbstractEntry.m */,
				DC5C65EA151FBE74002F6BE5 /* DojoDataManager.h */,
				DC5C65EB151FBE74002F6BE5 /* DojoDataManager.m */,
			);
			name = Models;
			sourceTree = "<group>";
		};
		DC44D2CB151EC21300C8EF16 /* Controllers */ = {
			isa = PBXGroup;
			children = (
				DC44D2BF151EC18200C8EF16 /* AppDelegate.h */,
				DC44D2C0151EC18200C8EF16 /* AppDelegate.m */,
				DC72DD86152298DE00159985 /* iPad Controllers */,
				DC5C65E6151FBB14002F6BE5 /* DojoMainTableVC.h */,
				DC5C65E7151FBB14002F6BE5 /* DojoMainTableVC.m */,
				DC01969515213A4000DB795D /* DojoDetailVC.h */,
				DC01969615213A4000DB795D /* DojoDetailVC.m */,
				DC01969F15213ABB00DB795D /* DojoAddTaskVC.h */,
				DC0196A015213ABB00DB795D /* DojoAddTaskVC.m */,
				DC01969C15213A6800DB795D /* DojoTimerVC.h */,
				DC01969D15213A6800DB795D /* DojoTimerVC.m */,
			);
			name = Controllers;
			sourceTree = "<group>";
		};
		DC44D2CC151EC21700C8EF16 /* Views */ = {
			isa = PBXGroup;
			children = (
			);
			name = Views;
			sourceTree = "<group>";
		};
		DC72DD86152298DE00159985 /* iPad Controllers */ = {
			isa = PBXGroup;
			children = (
				DC72DD871522991200159985 /* DojoMainTableVC_iPad.h */,
				DC72DD881522991200159985 /* DojoMainTableVC_iPad.m */,
				DC72DD8A1522992F00159985 /* DojoDetailVC_iPad.h */,
				DC72DD8B1522992F00159985 /* DojoDetailVC_iPad.m */,
				DC72DD901522995B00159985 /* DojoAddTaskVC_iPad.h */,
				DC72DD911522995B00159985 /* DojoAddTaskVC_iPad.m */,
				DC72DD8D1522994400159985 /* DojoTimerVC_iPad.h */,
				DC72DD8E1522994400159985 /* DojoTimerVC_iPad.m */,
			);
			name = "iPad Controllers";
			sourceTree = "<group>";
		};
/* End PBXGroup section */

/* Begin PBXNativeTarget section */
		DC44D2A9151EC18200C8EF16 /* Dojo */ = {
			isa = PBXNativeTarget;
			buildConfigurationList = DC44D2C7151EC18200C8EF16 /* Build configuration list for PBXNativeTarget "Dojo" */;
			buildPhases = (
				DC44D2A6151EC18200C8EF16 /* Sources */,
				DC44D2A7151EC18200C8EF16 /* Frameworks */,
				DC44D2A8151EC18200C8EF16 /* Resources */,
			);
			buildRules = (
			);
			dependencies = (
			);
			name = Dojo;
			productName = DojoApp;
			productReference = DC44D2AA151EC18200C8EF16 /* Dojo.app */;
			productType = "com.apple.product-type.application";
		};
/* End PBXNativeTarget section */

/* Begin PBXProject section */
		DC44D2A1151EC18200C8EF16 /* Project object */ = {
			isa = PBXProject;
			attributes = {
				LastUpgradeCheck = 0420;
			};
			buildConfigurationList = DC44D2A4151EC18200C8EF16 /* Build configuration list for PBXProject "Dojo" */;
			compatibilityVersion = "Xcode 3.2";
			developmentRegion = English;
			hasScannedForEncodings = 0;
			knownRegions = (
				en,
			);
			mainGroup = DC44D29F151EC18200C8EF16;
			productRefGroup = DC44D2AB151EC18200C8EF16 /* Products */;
			projectDirPath = "";
			projectRoot = "";
			targets = (
				DC44D2A9151EC18200C8EF16 /* Dojo */,
			);
		};
/* End PBXProject section */

/* Begin PBXResourcesBuildPhase section */
		DC44D2A8151EC18200C8EF16 /* Resources */ = {
			isa = PBXResourcesBuildPhase;
			buildActionMask = 2147483647;
			files = (
				DC44D2BB151EC18200C8EF16 /* InfoPlist.strings in Resources */,
				DC5C65F2151FC725002F6BE5 /* DojoConfig.plist in Resources */,
				DC72A9BC1521DCFA007E7A9F /* YinYangButtonSmall@2x.png in Resources */,
				DC72A9BD1521DCFA007E7A9F /* YinYangButtonSmall.png in Resources */,
			);
			runOnlyForDeploymentPostprocessing = 0;
		};
/* End PBXResourcesBuildPhase section */

/* Begin PBXSourcesBuildPhase section */
		DC44D2A6151EC18200C8EF16 /* Sources */ = {
			isa = PBXSourcesBuildPhase;
			buildActionMask = 2147483647;
			files = (
				DC44D2BD151EC18200C8EF16 /* main.m in Sources */,
				DC44D2C1151EC18200C8EF16 /* AppDelegate.m in Sources */,
				DC44D2C4151EC18200C8EF16 /* DojoApp.xcdatamodeld in Sources */,
				DC5C65E8151FBB14002F6BE5 /* DojoMainTableVC.m in Sources */,
				DC5C65EC151FBE74002F6BE5 /* DojoDataManager.m in Sources */,
				DC5C65FA151FFEC8002F6BE5 /* AbstractEntry.m in Sources */,
				DC5C6600151FFEE5002F6BE5 /* EnduranceTask.m in Sources */,
				DC5C6603151FFEF4002F6BE5 /* Goal.m in Sources */,
				DC5C6606151FFF01002F6BE5 /* Subject.m in Sources */,
				DC5C6609151FFF0A002F6BE5 /* TrainingTask.m in Sources */,
				DC352D3E15200A320098AA45 /* BasicTask.m in Sources */,
				DC01969715213A4000DB795D /* DojoDetailVC.m in Sources */,
				DC01969E15213A6800DB795D /* DojoTimerVC.m in Sources */,
				DC0196A115213ABB00DB795D /* DojoAddTaskVC.m in Sources */,
				DC72DD891522991200159985 /* DojoMainTableVC_iPad.m in Sources */,
				DC72DD8C1522992F00159985 /* DojoDetailVC_iPad.m in Sources */,
				DC72DD8F1522994400159985 /* DojoTimerVC_iPad.m in Sources */,
				DC72DD921522995B00159985 /* DojoAddTaskVC_iPad.m in Sources */,
			);
			runOnlyForDeploymentPostprocessing = 0;
		};
/* End PBXSourcesBuildPhase section */

/* Begin PBXVariantGroup section */
		DC44D2B9151EC18200C8EF16 /* InfoPlist.strings */ = {
			isa = PBXVariantGroup;
			children = (
				DC44D2BA151EC18200C8EF16 /* en */,
			);
			name = InfoPlist.strings;
			sourceTree = "<group>";
		};
/* End PBXVariantGroup section */

/* Begin XCBuildConfiguration section */
		DC44D2C5151EC18200C8EF16 /* Debug */ = {
			isa = XCBuildConfiguration;
			buildSettings = {
				ALWAYS_SEARCH_USER_PATHS = NO;
				ARCHS = "$(ARCHS_STANDARD_32_BIT)";
				CLANG_ENABLE_OBJC_ARC = YES;
				"CODE_SIGN_IDENTITY[sdk=iphoneos*]" = "iPhone Developer";
				COPY_PHASE_STRIP = NO;
				GCC_C_LANGUAGE_STANDARD = gnu99;
				GCC_DYNAMIC_NO_PIC = NO;
				GCC_OPTIMIZATION_LEVEL = 0;
				GCC_PREPROCESSOR_DEFINITIONS = (
					"DEBUG=1",
					"$(inherited)",
				);
				GCC_SYMBOLS_PRIVATE_EXTERN = NO;
				GCC_VERSION = com.apple.compilers.llvm.clang.1_0;
				GCC_WARN_ABOUT_MISSING_PROTOTYPES = YES;
				GCC_WARN_ABOUT_RETURN_TYPE = YES;
				GCC_WARN_UNUSED_VARIABLE = YES;
				IPHONEOS_DEPLOYMENT_TARGET = 5.0;
				SDKROOT = iphoneos;
				TARGETED_DEVICE_FAMILY = "1,2";
			};
			name = Debug;
		};
		DC44D2C6151EC18200C8EF16 /* Release */ = {
			isa = XCBuildConfiguration;
			buildSettings = {
				ALWAYS_SEARCH_USER_PATHS = NO;
				ARCHS = "$(ARCHS_STANDARD_32_BIT)";
				CLANG_ENABLE_OBJC_ARC = YES;
				"CODE_SIGN_IDENTITY[sdk=iphoneos*]" = "iPhone Developer";
				COPY_PHASE_STRIP = YES;
				GCC_C_LANGUAGE_STANDARD = gnu99;
				GCC_VERSION = com.apple.compilers.llvm.clang.1_0;
				GCC_WARN_ABOUT_MISSING_PROTOTYPES = YES;
				GCC_WARN_ABOUT_RETURN_TYPE = YES;
				GCC_WARN_UNUSED_VARIABLE = YES;
				IPHONEOS_DEPLOYMENT_TARGET = 5.0;
				OTHER_CFLAGS = "-DNS_BLOCK_ASSERTIONS=1";
				SDKROOT = iphoneos;
				TARGETED_DEVICE_FAMILY = "1,2";
				VALIDATE_PRODUCT = YES;
			};
			name = Release;
		};
		DC44D2C8151EC18200C8EF16 /* Debug */ = {
			isa = XCBuildConfiguration;
			buildSettings = {
				GCC_PRECOMPILE_PREFIX_HEADER = YES;
				GCC_PREFIX_HEADER = "DojoApp/Dojo-Prefix.pch";
				INFOPLIST_FILE = "DojoApp/Dojo-Info.plist";
				PRODUCT_NAME = Dojo;
				WRAPPER_EXTENSION = app;
			};
			name = Debug;
		};
		DC44D2C9151EC18200C8EF16 /* Release */ = {
			isa = XCBuildConfiguration;
			buildSettings = {
				GCC_PRECOMPILE_PREFIX_HEADER = YES;
				GCC_PREFIX_HEADER = "DojoApp/Dojo-Prefix.pch";
				INFOPLIST_FILE = "DojoApp/Dojo-Info.plist";
				PRODUCT_NAME = Dojo;
				WRAPPER_EXTENSION = app;
			};
			name = Release;
		};
/* End XCBuildConfiguration section */

/* Begin XCConfigurationList section */
		DC44D2A4151EC18200C8EF16 /* Build configuration list for PBXProject "Dojo" */ = {
			isa = XCConfigurationList;
			buildConfigurations = (
				DC44D2C5151EC18200C8EF16 /* Debug */,
				DC44D2C6151EC18200C8EF16 /* Release */,
			);
			defaultConfigurationIsVisible = 0;
			defaultConfigurationName = Release;
		};
		DC44D2C7151EC18200C8EF16 /* Build configuration list for PBXNativeTarget "Dojo" */ = {
			isa = XCConfigurationList;
			buildConfigurations = (
				DC44D2C8151EC18200C8EF16 /* Debug */,
				DC44D2C9151EC18200C8EF16 /* Release */,
			);
			defaultConfigurationIsVisible = 0;
			defaultConfigurationName = Release;
		};
/* End XCConfigurationList section */

/* Begin XCVersionGroup section */
		DC44D2C2151EC18200C8EF16 /* DojoApp.xcdatamodeld */ = {
			isa = XCVersionGroup;
			children = (
				DC44D2C3151EC18200C8EF16 /* DojoApp.xcdatamodel */,
			);
			currentVersion = DC44D2C3151EC18200C8EF16 /* DojoApp.xcdatamodel */;
			path = DojoApp.xcdatamodeld;
			sourceTree = "<group>";
			versionGroupType = wrapper.xcdatamodel;
		};
/* End XCVersionGroup section */
	};
	rootObject = DC44D2A1151EC18200C8EF16 /* Project object */;
}
